// !$*UTF8*$!
{
	archiveVersion = 1;
	classes = {
	};
	objectVersion = 56;
	objects = {

/* Begin PBXBuildFile section */
		AA0001 /* GessoApp.swift in Sources */ = {isa = PBXBuildFile; fileRef = BB0001 /* GessoApp.swift */; };
		AA0003 /* Assets.xcassets in Resources */ = {isa = PBXBuildFile; fileRef = BB0003 /* Assets.xcassets */; };
		AA0004 /* Preview Assets.xcassets in Resources */ = {isa = PBXBuildFile; fileRef = BB0004 /* Preview Assets.xcassets */; };
		AA0007 /* SettingsView.swift in Sources */ = {isa = PBXBuildFile; fileRef = BB0007 /* SettingsView.swift */; };
		AA0008 /* Keychain.swift in Sources */ = {isa = PBXBuildFile; fileRef = BB0009 /* Keychain.swift */; };
		AA0010 /* GitHubAuthManager.swift in Sources */ = {isa = PBXBuildFile; fileRef = BB0011 /* GitHubAuthManager.swift */; };
		AA0011 /* ClaudeAuthManager.swift in Sources */ = {isa = PBXBuildFile; fileRef = BB0012 /* ClaudeAuthManager.swift */; };
		AA0012 /* ConnectView.swift in Sources */ = {isa = PBXBuildFile; fileRef = BB0013 /* ConnectView.swift */; };
		AA0013 /* GitHubRepository.swift in Sources */ = {isa = PBXBuildFile; fileRef = BB0014 /* GitHubRepository.swift */; };
		AA0014 /* GitHubReposService.swift in Sources */ = {isa = PBXBuildFile; fileRef = BB0015 /* GitHubReposService.swift */; };
		AA0015 /* RepoSelectionStore.swift in Sources */ = {isa = PBXBuildFile; fileRef = BB0016 /* RepoSelectionStore.swift */; };
		AA0016 /* RepoPickerView.swift in Sources */ = {isa = PBXBuildFile; fileRef = BB0017 /* RepoPickerView.swift */; };
		AA0017 /* ToolMode.swift in Sources */ = {isa = PBXBuildFile; fileRef = BB0018 /* ToolMode.swift */; };
		AA0018 /* WebViewStore.swift in Sources */ = {isa = PBXBuildFile; fileRef = BB0019 /* WebViewStore.swift */; };
		AA0019 /* WebViewRepresentable.swift in Sources */ = {isa = PBXBuildFile; fileRef = BB0020 /* WebViewRepresentable.swift */; };
		AA0020 /* FloatingToolbar.swift in Sources */ = {isa = PBXBuildFile; fileRef = BB0021 /* FloatingToolbar.swift */; };
		AA0021 /* DrawingCanvas.swift in Sources */ = {isa = PBXBuildFile; fileRef = BB0022 /* DrawingCanvas.swift */; };
		AA0022 /* MainView.swift in Sources */ = {isa = PBXBuildFile; fileRef = BB0023 /* MainView.swift */; };
		AA0023 /* ClaudeAPIKeySheet.swift in Sources */ = {isa = PBXBuildFile; fileRef = BB0024 /* ClaudeAPIKeySheet.swift */; };
		AA0024 /* AnnotationStyle.swift in Sources */ = {isa = PBXBuildFile; fileRef = BB0025 /* AnnotationStyle.swift */; };
		AA0025 /* HandwritingRecognizer.swift in Sources */ = {isa = PBXBuildFile; fileRef = BB0026 /* HandwritingRecognizer.swift */; };
		AA0026 /* AnnotationCompositor.swift in Sources */ = {isa = PBXBuildFile; fileRef = BB0027 /* AnnotationCompositor.swift */; };
		AA0027 /* GitHubRepoFileService.swift in Sources */ = {isa = PBXBuildFile; fileRef = BB0028 /* GitHubRepoFileService.swift */; };
		AA0028 /* ClaudeAgentService.swift in Sources */ = {isa = PBXBuildFile; fileRef = BB0029 /* ClaudeAgentService.swift */; };
		AA0029 /* ChatMessage.swift in Sources */ = {isa = PBXBuildFile; fileRef = BB0030 /* ChatMessage.swift */; };
		AA0030 /* ConversationStore.swift in Sources */ = {isa = PBXBuildFile; fileRef = BB0031 /* ConversationStore.swift */; };
		AA0031 /* ChatView.swift in Sources */ = {isa = PBXBuildFile; fileRef = BB0032 /* ChatView.swift */; };
		AA0032 /* Theme.swift in Sources */ = {isa = PBXBuildFile; fileRef = BB0033 /* Theme.swift */; };
		AA0033 /* GitHubDeviceCodeView.swift in Sources */ = {isa = PBXBuildFile; fileRef = BB0034 /* GitHubDeviceCodeView.swift */; };
/* End PBXBuildFile section */

/* Begin PBXFileReference section */
		BB0001 /* GessoApp.swift */ = {isa = PBXFileReference; lastKnownFileType = sourcecode.swift; path = GessoApp.swift; sourceTree = "<group>"; };
		BB0003 /* Assets.xcassets */ = {isa = PBXFileReference; lastKnownFileType = folder.assetcatalog; path = Assets.xcassets; sourceTree = "<group>"; };
		BB0004 /* Preview Assets.xcassets */ = {isa = PBXFileReference; lastKnownFileType = folder.assetcatalog; path = "Preview Assets.xcassets"; sourceTree = "<group>"; };
		BB0007 /* SettingsView.swift */ = {isa = PBXFileReference; lastKnownFileType = sourcecode.swift; path = SettingsView.swift; sourceTree = "<group>"; };
		CC0001 /* Gesso.app */ = {isa = PBXFileReference; explicitFileType = wrapper.application; includeInIndex = 0; path = Gesso.app; sourceTree = BUILT_PRODUCTS_DIR; };
		BB0008 /* Info.plist */ = {isa = PBXFileReference; lastKnownFileType = text.plist.xml; path = Info.plist; sourceTree = "<group>"; };
		BB0009 /* Keychain.swift */ = {isa = PBXFileReference; lastKnownFileType = sourcecode.swift; path = Keychain.swift; sourceTree = "<group>"; };
		BB0011 /* GitHubAuthManager.swift */ = {isa = PBXFileReference; lastKnownFileType = sourcecode.swift; path = GitHubAuthManager.swift; sourceTree = "<group>"; };
		BB0012 /* ClaudeAuthManager.swift */ = {isa = PBXFileReference; lastKnownFileType = sourcecode.swift; path = ClaudeAuthManager.swift; sourceTree = "<group>"; };
		BB0013 /* ConnectView.swift */ = {isa = PBXFileReference; lastKnownFileType = sourcecode.swift; path = ConnectView.swift; sourceTree = "<group>"; };
		BB0014 /* GitHubRepository.swift */ = {isa = PBXFileReference; lastKnownFileType = sourcecode.swift; path = GitHubRepository.swift; sourceTree = "<group>"; };
		BB0015 /* GitHubReposService.swift */ = {isa = PBXFileReference; lastKnownFileType = sourcecode.swift; path = GitHubReposService.swift; sourceTree = "<group>"; };
		BB0016 /* RepoSelectionStore.swift */ = {isa = PBXFileReference; lastKnownFileType = sourcecode.swift; path = RepoSelectionStore.swift; sourceTree = "<group>"; };
		BB0017 /* RepoPickerView.swift */ = {isa = PBXFileReference; lastKnownFileType = sourcecode.swift; path = RepoPickerView.swift; sourceTree = "<group>"; };
		BB0018 /* ToolMode.swift */ = {isa = PBXFileReference; lastKnownFileType = sourcecode.swift; path = ToolMode.swift; sourceTree = "<group>"; };
		BB0019 /* WebViewStore.swift */ = {isa = PBXFileReference; lastKnownFileType = sourcecode.swift; path = WebViewStore.swift; sourceTree = "<group>"; };
		BB0020 /* WebViewRepresentable.swift */ = {isa = PBXFileReference; lastKnownFileType = sourcecode.swift; path = WebViewRepresentable.swift; sourceTree = "<group>"; };
		BB0021 /* FloatingToolbar.swift */ = {isa = PBXFileReference; lastKnownFileType = sourcecode.swift; path = FloatingToolbar.swift; sourceTree = "<group>"; };
		BB0022 /* DrawingCanvas.swift */ = {isa = PBXFileReference; lastKnownFileType = sourcecode.swift; path = DrawingCanvas.swift; sourceTree = "<group>"; };
		BB0023 /* MainView.swift */ = {isa = PBXFileReference; lastKnownFileType = sourcecode.swift; path = MainView.swift; sourceTree = "<group>"; };
		BB0024 /* ClaudeAPIKeySheet.swift */ = {isa = PBXFileReference; lastKnownFileType = sourcecode.swift; path = ClaudeAPIKeySheet.swift; sourceTree = "<group>"; };
		BB0025 /* AnnotationStyle.swift */ = {isa = PBXFileReference; lastKnownFileType = sourcecode.swift; path = AnnotationStyle.swift; sourceTree = "<group>"; };
		BB0026 /* HandwritingRecognizer.swift */ = {isa = PBXFileReference; lastKnownFileType = sourcecode.swift; path = HandwritingRecognizer.swift; sourceTree = "<group>"; };
		BB0027 /* AnnotationCompositor.swift */ = {isa = PBXFileReference; lastKnownFileType = sourcecode.swift; path = AnnotationCompositor.swift; sourceTree = "<group>"; };
		BB0028 /* GitHubRepoFileService.swift */ = {isa = PBXFileReference; lastKnownFileType = sourcecode.swift; path = GitHubRepoFileService.swift; sourceTree = "<group>"; };
		BB0029 /* ClaudeAgentService.swift */ = {isa = PBXFileReference; lastKnownFileType = sourcecode.swift; path = ClaudeAgentService.swift; sourceTree = "<group>"; };
		BB0030 /* ChatMessage.swift */ = {isa = PBXFileReference; lastKnownFileType = sourcecode.swift; path = ChatMessage.swift; sourceTree = "<group>"; };
		BB0031 /* ConversationStore.swift */ = {isa = PBXFileReference; lastKnownFileType = sourcecode.swift; path = ConversationStore.swift; sourceTree = "<group>"; };
		BB0032 /* ChatView.swift */ = {isa = PBXFileReference; lastKnownFileType = sourcecode.swift; path = ChatView.swift; sourceTree = "<group>"; };
		BB0033 /* Theme.swift */ = {isa = PBXFileReference; lastKnownFileType = sourcecode.swift; path = Theme.swift; sourceTree = "<group>"; };
		BB0034 /* GitHubDeviceCodeView.swift */ = {isa = PBXFileReference; lastKnownFileType = sourcecode.swift; path = GitHubDeviceCodeView.swift; sourceTree = "<group>"; };
/* End PBXFileReference section */

/* Begin PBXFrameworksBuildPhase section */
		DD0001 /* Frameworks */ = {
			isa = PBXFrameworksBuildPhase;
			buildActionMask = 2147483647;
			files = (
			);
			runOnlyForDeploymentPostprocessing = 0;
		};
/* End PBXFrameworksBuildPhase section */

/* Begin PBXGroup section */
		EE0001 = {
			isa = PBXGroup;
			children = (
				EE0002 /* Gesso */,
				EE0003 /* Products */,
			);
			sourceTree = "<group>";
		};
		EE0002 /* Gesso */ = {
			isa = PBXGroup;
			children = (
				BB0001 /* GessoApp.swift */,
				BB0007 /* SettingsView.swift */,
				BB0009 /* Keychain.swift */,
				BB0011 /* GitHubAuthManager.swift */,
				BB0012 /* ClaudeAuthManager.swift */,
				BB0013 /* ConnectView.swift */,
				BB0014 /* GitHubRepository.swift */,
				BB0015 /* GitHubReposService.swift */,
				BB0016 /* RepoSelectionStore.swift */,
				BB0017 /* RepoPickerView.swift */,
				BB0018 /* ToolMode.swift */,
				BB0019 /* WebViewStore.swift */,
				BB0020 /* WebViewRepresentable.swift */,
				BB0021 /* FloatingToolbar.swift */,
				BB0022 /* DrawingCanvas.swift */,
				BB0023 /* MainView.swift */,
				BB0024 /* ClaudeAPIKeySheet.swift */,
				BB0025 /* AnnotationStyle.swift */,
				BB0026 /* HandwritingRecognizer.swift */,
				BB0027 /* AnnotationCompositor.swift */,
				BB0028 /* GitHubRepoFileService.swift */,
				BB0029 /* ClaudeAgentService.swift */,
				BB0030 /* ChatMessage.swift */,
				BB0031 /* ConversationStore.swift */,
				BB0032 /* ChatView.swift */,
				BB0033 /* Theme.swift */,
				BB0034 /* GitHubDeviceCodeView.swift */,
				BB0008 /* Info.plist */,
				BB0003 /* Assets.xcassets */,
				EE0004 /* Preview Content */,
			);
			path = Gesso;
			sourceTree = "<group>";
		};
		EE0003 /* Products */ = {
			isa = PBXGroup;
			children = (
				CC0001 /* Gesso.app */,
			);
			name = Products;
			sourceTree = "<group>";
		};
		EE0004 /* Preview Content */ = {
			isa = PBXGroup;
			children = (
				BB0004 /* Preview Assets.xcassets */,
			);
			path = "Preview Content";
			sourceTree = "<group>";
		};
/* End PBXGroup section */

/* Begin PBXNativeTarget section */
		FF0001 /* Gesso */ = {
			isa = PBXNativeTarget;
			buildConfigurationList = FF0002 /* Build configuration list for PBXNativeTarget "Gesso" */;
			buildPhases = (
				FF0003 /* Sources */,
				DD0001 /* Frameworks */,
				FF0004 /* Resources */,
			);
			buildRules = (
			);
			dependencies = (
			);
			name = Gesso;
			productName = Gesso;
			productReference = CC0001 /* Gesso.app */;
			productType = "com.apple.product-type.application";
		};
/* End PBXNativeTarget section */

/* Begin PBXProject section */
		GG0001 /* Project object */ = {
			isa = PBXProject;
			attributes = {
				BuildIndependentTargetsInParallel = 1;
				LastSwiftUpdateCheck = 1520;
				LastUpgradeCheck = 1520;
				TargetAttributes = {
					FF0001 = {
						CreatedOnToolsVersion = 15.2;
					};
				};
			};
			buildConfigurationList = GG0002 /* Build configuration list for PBXProject "Gesso" */;
			compatibilityVersion = "Xcode 14.0";
			developmentRegion = en;
			hasScannedForEncodings = 0;
			knownRegions = (
				en,
				Base,
			);
			mainGroup = EE0001;
			productRefGroup = EE0003 /* Products */;
			projectDirPath = "";
			projectRoot = "";
			targets = (
				FF0001 /* Gesso */,
			);
		};
/* End PBXProject section */

/* Begin PBXResourcesBuildPhase section */
		FF0004 /* Resources */ = {
			isa = PBXResourcesBuildPhase;
			buildActionMask = 2147483647;
			files = (
				AA0004 /* Preview Assets.xcassets in Resources */,
				AA0003 /* Assets.xcassets in Resources */,
			);
			runOnlyForDeploymentPostprocessing = 0;
		};
/* End PBXResourcesBuildPhase section */

/* Begin PBXSourcesBuildPhase section */
		FF0003 /* Sources */ = {
			isa = PBXSourcesBuildPhase;
			buildActionMask = 2147483647;
			files = (
				AA0001 /* GessoApp.swift in Sources */,
				AA0007 /* SettingsView.swift in Sources */,
				AA0008 /* Keychain.swift in Sources */,
				AA0010 /* GitHubAuthManager.swift in Sources */,
				AA0011 /* ClaudeAuthManager.swift in Sources */,
				AA0012 /* ConnectView.swift in Sources */,
				AA0013 /* GitHubRepository.swift in Sources */,
				AA0014 /* GitHubReposService.swift in Sources */,
				AA0015 /* RepoSelectionStore.swift in Sources */,
				AA0016 /* RepoPickerView.swift in Sources */,
				AA0017 /* ToolMode.swift in Sources */,
				AA0018 /* WebViewStore.swift in Sources */,
				AA0019 /* WebViewRepresentable.swift in Sources */,
				AA0020 /* FloatingToolbar.swift in Sources */,
				AA0021 /* DrawingCanvas.swift in Sources */,
				AA0022 /* MainView.swift in Sources */,
				AA0023 /* ClaudeAPIKeySheet.swift in Sources */,
				AA0024 /* AnnotationStyle.swift in Sources */,
				AA0025 /* HandwritingRecognizer.swift in Sources */,
				AA0026 /* AnnotationCompositor.swift in Sources */,
				AA0027 /* GitHubRepoFileService.swift in Sources */,
				AA0028 /* ClaudeAgentService.swift in Sources */,
				AA0029 /* ChatMessage.swift in Sources */,
				AA0030 /* ConversationStore.swift in Sources */,
				AA0031 /* ChatView.swift in Sources */,
				AA0032 /* Theme.swift in Sources */,
				AA0033 /* GitHubDeviceCodeView.swift in Sources */,
			);
			runOnlyForDeploymentPostprocessing = 0;
		};
/* End PBXSourcesBuildPhase section */

/* Begin XCBuildConfiguration section */
		HH0001 /* Debug */ = {
			isa = XCBuildConfiguration;
			buildSettings = {
				ALWAYS_SEARCH_USER_PATHS = NO;
				ASSETCATALOG_COMPILER_GENERATE_SWIFT_ASSET_SYMBOL_EXTENSIONS = YES;
				CLANG_ANALYZER_NONNULL = YES;
				CLANG_ANALYZER_NUMBER_OBJECT_CONVERSION = YES_AGGRESSIVE;
				CLANG_CXX_LANGUAGE_STANDARD = "gnu++20";
				CLANG_ENABLE_MODULES = YES;
				CLANG_ENABLE_OBJC_ARC = YES;
				CLANG_ENABLE_OBJC_WEAK = YES;
				CLANG_WARN_BLOCK_CAPTURE_AUTORELEASING = YES;
				CLANG_WARN_BOOL_CONVERSION = YES;
				CLANG_WARN_COMMA = YES;
				CLANG_WARN_CONSTANT_CONVERSION = YES;
				CLANG_WARN_DEPRECATED_OBJC_IMPLEMENTATIONS = YES;
				CLANG_WARN_DIRECT_OBJC_ISA_USAGE = YES_ERROR;
				CLANG_WARN_DOCUMENTATION_COMMENTS = YES;
				CLANG_WARN_EMPTY_BODY = YES;
				CLANG_WARN_ENUM_CONVERSION = YES;
				CLANG_WARN_INFINITE_RECURSION = YES;
				CLANG_WARN_INT_CONVERSION = YES;
				CLANG_WARN_NON_LITERAL_NULL_CONVERSION = YES;
				CLANG_WARN_OBJC_IMPLICIT_RETAIN_SELF = YES;
				CLANG_WARN_OBJC_LITERAL_CONVERSION = YES;
				CLANG_WARN_OBJC_ROOT_CLASS = YES_ERROR;
				CLANG_WARN_QUOTED_INCLUDE_IN_FRAMEWORK_HEADER = YES;
				CLANG_WARN_RANGE_LOOP_ANALYSIS = YES;
				CLANG_WARN_STRICT_PROTOTYPES = YES;
				CLANG_WARN_SUSPICIOUS_MOVE = YES;
				CLANG_WARN_UNGUARDED_AVAILABILITY = YES_AGGRESSIVE;
				CLANG_WARN_UNREACHABLE_CODE = YES;
				CLANG_WARN__DUPLICATE_METHOD_MATCH = YES;
				COPY_PHASE_STRIP = NO;
				DEBUG_INFORMATION_FORMAT = dwarf;
				ENABLE_STRICT_OBJC_MSGSEND = YES;
				ENABLE_TESTABILITY = YES;
				ENABLE_USER_SCRIPT_SANDBOXING = YES;
				GCC_C_LANGUAGE_STANDARD = gnu17;
				GCC_DYNAMIC_NO_PIC = NO;
				GCC_NO_COMMON_BLOCKS = YES;
				GCC_OPTIMIZATION_LEVEL = 0;
				GCC_PREPROCESSOR_DEFINITIONS = (
					"DEBUG=1",
					"$(inherited)",
				);
				GCC_WARN_64_TO_32_BIT_CONVERSION = YES;
				GCC_WARN_ABOUT_RETURN_TYPE = YES_ERROR;
				GCC_WARN_UNDECLARED_SELECTOR = YES;
				GCC_WARN_UNINITIALIZED_AUTOS = YES_AGGRESSIVE;
				GCC_WARN_UNUSED_FUNCTION = YES;
				GCC_WARN_UNUSED_VARIABLE = YES;
				IPHONEOS_DEPLOYMENT_TARGET = 17.0;
				LOCALIZATION_PREFERS_STRING_CATALOGS = YES;
				MTL_ENABLE_DEBUG_INFO = INCLUDE_SOURCE;
				MTL_FAST_MATH = YES;
				ONLY_ACTIVE_ARCH = YES;
				SDKROOT = iphoneos;
				SWIFT_ACTIVE_COMPILATION_CONDITIONS = "DEBUG $(inherited)";
				SWIFT_OPTIMIZATION_LEVEL = "-Onone";
			};
			name = Debug;
		};
		HH0002 /* Release */ = {
			isa = XCBuildConfiguration;
			buildSettings = {
				ALWAYS_SEARCH_USER_PATHS = NO;
				ASSETCATALOG_COMPILER_GENERATE_SWIFT_ASSET_SYMBOL_EXTENSIONS = YES;
				CLANG_ANALYZER_NONNULL = YES;
				CLANG_ANALYZER_NUMBER_OBJECT_CONVERSION = YES_AGGRESSIVE;
				CLANG_CXX_LANGUAGE_STANDARD = "gnu++20";
				CLANG_ENABLE_MODULES = YES;
				CLANG_ENABLE_OBJC_ARC = YES;
				CLANG_ENABLE_OBJC_WEAK = YES;
				CLANG_WARN_BLOCK_CAPTURE_AUTORELEASING = YES;
				CLANG_WARN_BOOL_CONVERSION = YES;
				CLANG_WARN_COMMA = YES;
				CLANG_WARN_CONSTANT_CONVERSION = YES;
				CLANG_WARN_DEPRECATED_OBJC_IMPLEMENTATIONS = YES;
				CLANG_WARN_DIRECT_OBJC_ISA_USAGE = YES_ERROR;
				CLANG_WARN_DOCUMENTATION_COMMENTS = YES;
				CLANG_WARN_EMPTY_BODY = YES;
				CLANG_WARN_ENUM_CONVERSION = YES;
				CLANG_WARN_INFINITE_RECURSION = YES;
				CLANG_WARN_INT_CONVERSION = YES;
				CLANG_WARN_NON_LITERAL_NULL_CONVERSION = YES;
				CLANG_WARN_OBJC_IMPLICIT_RETAIN_SELF = YES;
				CLANG_WARN_OBJC_LITERAL_CONVERSION = YES;
				CLANG_WARN_OBJC_ROOT_CLASS = YES_ERROR;
				CLANG_WARN_QUOTED_INCLUDE_IN_FRAMEWORK_HEADER = YES;
				CLANG_WARN_RANGE_LOOP_ANALYSIS = YES;
				CLANG_WARN_STRICT_PROTOTYPES = YES;
				CLANG_WARN_SUSPICIOUS_MOVE = YES;
				CLANG_WARN_UNGUARDED_AVAILABILITY = YES_AGGRESSIVE;
				CLANG_WARN_UNREACHABLE_CODE = YES;
				CLANG_WARN__DUPLICATE_METHOD_MATCH = YES;
				COPY_PHASE_STRIP = NO;
				DEBUG_INFORMATION_FORMAT = "dwarf-with-dsym";
				ENABLE_NS_ASSERTIONS = NO;
				ENABLE_STRICT_OBJC_MSGSEND = YES;
				ENABLE_USER_SCRIPT_SANDBOXING = YES;
				GCC_C_LANGUAGE_STANDARD = gnu17;
				GCC_NO_COMMON_BLOCKS = YES;
				GCC_WARN_64_TO_32_BIT_CONVERSION = YES;
				GCC_WARN_ABOUT_RETURN_TYPE = YES_ERROR;
				GCC_WARN_UNDECLARED_SELECTOR = YES;
				GCC_WARN_UNINITIALIZED_AUTOS = YES_AGGRESSIVE;
				GCC_WARN_UNUSED_FUNCTION = YES;
				GCC_WARN_UNUSED_VARIABLE = YES;
				IPHONEOS_DEPLOYMENT_TARGET = 17.0;
				LOCALIZATION_PREFERS_STRING_CATALOGS = YES;
				MTL_ENABLE_DEBUG_INFO = NO;
				MTL_FAST_MATH = YES;
				SDKROOT = iphoneos;
				SWIFT_COMPILATION_MODE = wholemodule;
				VALIDATE_PRODUCT = YES;
			};
			name = Release;
		};
		II0001 /* Debug */ = {
			isa = XCBuildConfiguration;
			buildSettings = {
				ASSETCATALOG_COMPILER_APPICON_NAME = AppIcon;
				ASSETCATALOG_COMPILER_GLOBAL_ACCENT_COLOR_NAME = AccentColor;
				CODE_SIGN_STYLE = Automatic;
				CURRENT_PROJECT_VERSION = 1;
				DEVELOPMENT_ASSET_PATHS = "\"Gesso/Preview Content\"";
				ENABLE_PREVIEWS = YES;
				GENERATE_INFOPLIST_FILE = YES;
				INFOPLIST_FILE = Gesso/Info.plist;
				INFOPLIST_KEY_UIApplicationSceneManifest_Generation = YES;
				INFOPLIST_KEY_UIApplicationSupportsIndirectInputEvents = YES;
				INFOPLIST_KEY_UILaunchScreen_Generation = YES;
				INFOPLIST_KEY_UISupportedInterfaceOrientations = "UIInterfaceOrientationLandscapeLeft UIInterfaceOrientationLandscapeRight UIInterfaceOrientationPortrait UIInterfaceOrientationPortraitUpsideDown";
				LD_RUNPATH_SEARCH_PATHS = (
					"$(inherited)",
					"@executable_path/Frameworks",
				);
				MARKETING_VERSION = 1.0;
				PRODUCT_BUNDLE_IDENTIFIER = com.gesso.app;
				PRODUCT_NAME = "$(TARGET_NAME)";
				SUPPORTED_PLATFORMS = "iphoneos iphonesimulator";
				SUPPORTS_MACCATALYST = NO;
				SUPPORTS_MAC_DESIGNED_FOR_IPHONE_IPAD = NO;
				SUPPORTS_XR_DESIGNED_FOR_IPHONE_IPAD = NO;
				SWIFT_EMIT_LOC_STRINGS = YES;
				SWIFT_VERSION = 5.0;
				TARGETED_DEVICE_FAMILY = 2;
			};
			name = Debug;
		};
		II0002 /* Release */ = {
			isa = XCBuildConfiguration;
			buildSettings = {
				ASSETCATALOG_COMPILER_APPICON_NAME = AppIcon;
				ASSETCATALOG_COMPILER_GLOBAL_ACCENT_COLOR_NAME = AccentColor;
				CODE_SIGN_STYLE = Automatic;
				CURRENT_PROJECT_VERSION = 1;
				DEVELOPMENT_ASSET_PATHS = "\"Gesso/Preview Content\"";
				ENABLE_PREVIEWS = YES;
				GENERATE_INFOPLIST_FILE = YES;
				INFOPLIST_FILE = Gesso/Info.plist;
				INFOPLIST_KEY_UIApplicationSceneManifest_Generation = YES;
				INFOPLIST_KEY_UIApplicationSupportsIndirectInputEvents = YES;
				INFOPLIST_KEY_UILaunchScreen_Generation = YES;
				INFOPLIST_KEY_UISupportedInterfaceOrientations = "UIInterfaceOrientationLandscapeLeft UIInterfaceOrientationLandscapeRight UIInterfaceOrientationPortrait UIInterfaceOrientationPortraitUpsideDown";
				LD_RUNPATH_SEARCH_PATHS = (
					"$(inherited)",
					"@executable_path/Frameworks",
				);
				MARKETING_VERSION = 1.0;
				PRODUCT_BUNDLE_IDENTIFIER = com.gesso.app;
				PRODUCT_NAME = "$(TARGET_NAME)";
				SUPPORTED_PLATFORMS = "iphoneos iphonesimulator";
				SUPPORTS_MACCATALYST = NO;
				SUPPORTS_MAC_DESIGNED_FOR_IPHONE_IPAD = NO;
				SUPPORTS_XR_DESIGNED_FOR_IPHONE_IPAD = NO;
				SWIFT_EMIT_LOC_STRINGS = YES;
				SWIFT_VERSION = 5.0;
				TARGETED_DEVICE_FAMILY = 2;
			};
			name = Release;
		};
/* End XCBuildConfiguration section */

/* Begin XCConfigurationList section */
		GG0002 /* Build configuration list for PBXProject "Gesso" */ = {
			isa = XCConfigurationList;
			buildConfigurations = (
				HH0001 /* Debug */,
				HH0002 /* Release */,
			);
			defaultConfigurationIsVisible = 0;
			defaultConfigurationName = Release;
		};
		FF0002 /* Build configuration list for PBXNativeTarget "Gesso" */ = {
			isa = XCConfigurationList;
			buildConfigurations = (
				II0001 /* Debug */,
				II0002 /* Release */,
			);
			defaultConfigurationIsVisible = 0;
			defaultConfigurationName = Release;
		};
/* End XCConfigurationList section */
	};
	rootObject = GG0001 /* Project object */;
}
